%{
  "ayesql": {:hex, :ayesql, "1.1.2", "1700e9b1e1345e57220317ffe6985ed35b93b88f2b51566a1d4e69c0091f4253", [:mix], [{:ecto, "~> 3.11", [hex: :ecto, repo: "hexpm", optional: true]}, {:ecto_sql, "~> 3.11", [hex: :ecto_sql, repo: "hexpm", optional: true]}, {:postgrex, ">= 0.0.0", [hex: :postgrex, repo: "hexpm", optional: true]}], "hexpm", "b844bd087bfcb37cc2b42bc10ef5aa7a039a2848783cd8012c7b0fd15d3fc09b"},
  "cc_precompiler": {:hex, :cc_precompiler, "0.1.10", "47c9c08d8869cf09b41da36538f62bc1abd3e19e41701c2cea2675b53c704258", [:mix], [{:elixir_make, "~> 0.7", [hex: :elixir_make, repo: "hexpm", optional: false]}], "hexpm", "f6e046254e53cd6b41c6bacd70ae728011aa82b2742a80d6e2214855c6e06b22"},
  "duckdbex": {:hex, :duckdbex, "0.3.4", "da22602cb5ca66c4e69c9dc698080adae6662c2fba2c3bde68b7aae09b8cbeff", [:make, :mix], [{:cc_precompiler, "~> 0.1", [hex: :cc_precompiler, repo: "hexpm", optional: false]}, {:elixir_make, "~> 0.8", [hex: :elixir_make, repo: "hexpm", optional: false]}], "hexpm", "b2b26430d83e057a4552a56eeb1f73e4471ff5ba90299d421a1393413a85f30b"},
  "elixir_make": {:hex, :elixir_make, "0.8.4", "4960a03ce79081dee8fe119d80ad372c4e7badb84c493cc75983f9d3bc8bde0f", [:mix], [{:castore, "~> 0.1 or ~> 1.0", [hex: :castore, repo: "hexpm", optional: true]}, {:certifi, "~> 2.0", [hex: :certifi, repo: "hexpm", optional: true]}], "hexpm", "6e7f1d619b5f61dfabd0a20aa268e575572b542ac31723293a4c1a567d5ef040"},
  "exceed": {:hex, :exceed, "0.3.1", "ac483efdbecb435165af1e69e73bc8202f312eb693e3e29e2ae8bdc01c5fb201", [:mix], [{:decimal, "~> 2.1", [hex: :decimal, repo: "hexpm", optional: true]}, {:xml_stream, "~> 0.3", [hex: :xml_stream, repo: "hexpm", optional: false]}, {:zstream, "~> 0.6.4", [hex: :zstream, repo: "hexpm", optional: false]}], "hexpm", "f039cec41cbb1285ceb6cfc3011f29931695dd3965496f171fbd411f3b1515b9"},
  "saxy": {:hex, :saxy, "1.5.0", "0141127f2d042856f135fb2d94e0beecda7a2306f47546dbc6411fc5b07e28bf", [:mix], [], "hexpm", "ea7bb6328fbd1f2aceffa3ec6090bfb18c85aadf0f8e5030905e84235861cf89"},
  "table": {:hex, :table, "0.1.2", "87ad1125f5b70c5dea0307aa633194083eb5182ec537efc94e96af08937e14a8", [:mix], [], "hexpm", "7e99bc7efef806315c7e65640724bf165c3061cdc5d854060f74468367065029"},
  "table_rex": {:hex, :table_rex, "4.0.0", "3c613a68ebdc6d4d1e731bc973c233500974ec3993c99fcdabb210407b90959b", [:mix], [], "hexpm", "c35c4d5612ca49ebb0344ea10387da4d2afe278387d4019e4d8111e815df8f55"},
  "xlsx_reader": {:hex, :xlsx_reader, "0.8.7", "82e938d07da27f2c14ccb318baabf6a4831799d6aa21a7d0b3286724484a74df", [:mix], [{:decimal, "~> 1.0 or ~> 2.0", [hex: :decimal, repo: "hexpm", optional: true]}, {:saxy, "~> 1.5.0", [hex: :saxy, repo: "hexpm", optional: false]}], "hexpm", "0a3ed1326cac07ae00bb2e1438c801248ecc95148972423996f8b920132b1707"},
  "xml_stream": {:hex, :xml_stream, "0.3.0", "73d2a5f66978d9c9e5f543d637b8c1f98280fd63e6188fc9aafa0b72710a854a", [:mix], [], "hexpm", "6d3b70706ff70a62eded021353f5f760774fe8310ad464f9fdf6a60899f3d6aa"},
  "zstream": {:hex, :zstream, "0.6.4", "169ce887a443d4163085ee682ab1b0ad38db8fa45e843927b9b431a92f4b7d9e", [:mix], [], "hexpm", "acc6c35b6db9eb2cfe8b85e972cb9dc1b730f8efeb76c5bbe871216fe639d9a1"},
}
